// !$*UTF8*$!
{
	archiveVersion = 1;
	classes = {
	};
	objectVersion = 50;
	objects = {

/* Begin PBXBuildFile section */
		1A685FD9230B297600E72E4B /* Spin.framework in Frameworks */ = {isa = PBXBuildFile; fileRef = 1A685FD8230B297600E72E4B /* Spin.framework */; };
		1A685FDA230B297600E72E4B /* Spin.framework in Embed Frameworks */ = {isa = PBXBuildFile; fileRef = 1A685FD8230B297600E72E4B /* Spin.framework */; settings = {ATTRIBUTES = (CodeSignOnCopy, RemoveHeadersOnCopy, ); }; };
		1A9366962308F0B1006B04D7 /* AnyPublisher+Spin.swift in Sources */ = {isa = PBXBuildFile; fileRef = 1A9366952308F0B1006B04D7 /* AnyPublisher+Spin.swift */; };
		1AC3BB4F230B827A0019880E /* Spin.framework in 📦 Copy Frameworks */ = {isa = PBXBuildFile; fileRef = 1A685FD8230B297600E72E4B /* Spin.framework */; settings = {ATTRIBUTES = (CodeSignOnCopy, RemoveHeadersOnCopy, ); }; };
		1AF21E242308EE2100E7197F /* Spin_Combine.framework in Frameworks */ = {isa = PBXBuildFile; fileRef = 1AF21E1A2308EE2100E7197F /* Spin_Combine.framework */; };
		1AF21E292308EE2100E7197F /* Spin_CombineTests.swift in Sources */ = {isa = PBXBuildFile; fileRef = 1AF21E282308EE2100E7197F /* Spin_CombineTests.swift */; };
		1AF21E2B2308EE2100E7197F /* Spin_Combine.h in Headers */ = {isa = PBXBuildFile; fileRef = 1AF21E1D2308EE2100E7197F /* Spin_Combine.h */; settings = {ATTRIBUTES = (Public, ); }; };
/* End PBXBuildFile section */

/* Begin PBXContainerItemProxy section */
		1AF21E252308EE2100E7197F /* PBXContainerItemProxy */ = {
			isa = PBXContainerItemProxy;
			containerPortal = 1AF21E112308EE2000E7197F /* Project object */;
			proxyType = 1;
			remoteGlobalIDString = 1AF21E192308EE2100E7197F;
			remoteInfo = Spin.Combine;
		};
/* End PBXContainerItemProxy section */

/* Begin PBXCopyFilesBuildPhase section */
		1A685FDB230B297600E72E4B /* Embed Frameworks */ = {
			isa = PBXCopyFilesBuildPhase;
			buildActionMask = 2147483647;
			dstPath = "";
			dstSubfolderSpec = 10;
			files = (
				1A685FDA230B297600E72E4B /* Spin.framework in Embed Frameworks */,
			);
			name = "Embed Frameworks";
			runOnlyForDeploymentPostprocessing = 0;
		};
		1AC3BB4E230B82720019880E /* 📦 Copy Frameworks */ = {
			isa = PBXCopyFilesBuildPhase;
			buildActionMask = 2147483647;
			dstPath = "";
			dstSubfolderSpec = 10;
			files = (
				1AC3BB4F230B827A0019880E /* Spin.framework in 📦 Copy Frameworks */,
			);
			name = "📦 Copy Frameworks";
			runOnlyForDeploymentPostprocessing = 0;
		};
/* End PBXCopyFilesBuildPhase section */

/* Begin PBXFileReference section */
		1A685FD8230B297600E72E4B /* Spin.framework */ = {isa = PBXFileReference; lastKnownFileType = wrapper.framework; name = Spin.framework; path = Carthage/Build/iOS/Spin.framework; sourceTree = "<group>"; };
		1A9366952308F0B1006B04D7 /* AnyPublisher+Spin.swift */ = {isa = PBXFileReference; fileEncoding = 4; lastKnownFileType = sourcecode.swift; path = "AnyPublisher+Spin.swift"; sourceTree = "<group>"; };
		1AF21E1A2308EE2100E7197F /* Spin_Combine.framework */ = {isa = PBXFileReference; explicitFileType = wrapper.framework; includeInIndex = 0; path = Spin_Combine.framework; sourceTree = BUILT_PRODUCTS_DIR; };
		1AF21E1D2308EE2100E7197F /* Spin_Combine.h */ = {isa = PBXFileReference; lastKnownFileType = sourcecode.c.h; path = Spin_Combine.h; sourceTree = "<group>"; };
		1AF21E1E2308EE2100E7197F /* Info.plist */ = {isa = PBXFileReference; lastKnownFileType = text.plist.xml; path = Info.plist; sourceTree = "<group>"; };
		1AF21E232308EE2100E7197F /* Spin.CombineTests.xctest */ = {isa = PBXFileReference; explicitFileType = wrapper.cfbundle; includeInIndex = 0; path = Spin.CombineTests.xctest; sourceTree = BUILT_PRODUCTS_DIR; };
		1AF21E282308EE2100E7197F /* Spin_CombineTests.swift */ = {isa = PBXFileReference; lastKnownFileType = sourcecode.swift; path = Spin_CombineTests.swift; sourceTree = "<group>"; };
		1AF21E2A2308EE2100E7197F /* Info.plist */ = {isa = PBXFileReference; lastKnownFileType = text.plist.xml; path = Info.plist; sourceTree = "<group>"; };
/* End PBXFileReference section */

/* Begin PBXFrameworksBuildPhase section */
		1AF21E172308EE2100E7197F /* Frameworks */ = {
			isa = PBXFrameworksBuildPhase;
			buildActionMask = 2147483647;
			files = (
				1A685FD9230B297600E72E4B /* Spin.framework in Frameworks */,
			);
			runOnlyForDeploymentPostprocessing = 0;
		};
		1AF21E202308EE2100E7197F /* Frameworks */ = {
			isa = PBXFrameworksBuildPhase;
			buildActionMask = 2147483647;
			files = (
				1AF21E242308EE2100E7197F /* Spin_Combine.framework in Frameworks */,
			);
			runOnlyForDeploymentPostprocessing = 0;
		};
/* End PBXFrameworksBuildPhase section */

/* Begin PBXGroup section */
		1A685FD7230B297500E72E4B /* Frameworks */ = {
			isa = PBXGroup;
			children = (
				1A685FD8230B297600E72E4B /* Spin.framework */,
			);
			name = Frameworks;
			sourceTree = "<group>";
		};
		1AF21E102308EE2000E7197F = {
			isa = PBXGroup;
			children = (
				1AF21E1C2308EE2100E7197F /* Spin.Combine */,
				1AF21E272308EE2100E7197F /* Spin.CombineTests */,
				1AF21E1B2308EE2100E7197F /* Products */,
				1A685FD7230B297500E72E4B /* Frameworks */,
			);
			sourceTree = "<group>";
		};
		1AF21E1B2308EE2100E7197F /* Products */ = {
			isa = PBXGroup;
			children = (
				1AF21E1A2308EE2100E7197F /* Spin_Combine.framework */,
				1AF21E232308EE2100E7197F /* Spin.CombineTests.xctest */,
			);
			name = Products;
			sourceTree = "<group>";
		};
		1AF21E1C2308EE2100E7197F /* Spin.Combine */ = {
			isa = PBXGroup;
			children = (
				1AF21E1D2308EE2100E7197F /* Spin_Combine.h */,
				1AF21E1E2308EE2100E7197F /* Info.plist */,
				1A9366952308F0B1006B04D7 /* AnyPublisher+Spin.swift */,
			);
			path = Spin.Combine;
			sourceTree = "<group>";
		};
		1AF21E272308EE2100E7197F /* Spin.CombineTests */ = {
			isa = PBXGroup;
			children = (
				1AF21E282308EE2100E7197F /* Spin_CombineTests.swift */,
				1AF21E2A2308EE2100E7197F /* Info.plist */,
			);
			path = Spin.CombineTests;
			sourceTree = "<group>";
		};
/* End PBXGroup section */

/* Begin PBXHeadersBuildPhase section */
		1AF21E152308EE2100E7197F /* Headers */ = {
			isa = PBXHeadersBuildPhase;
			buildActionMask = 2147483647;
			files = (
				1AF21E2B2308EE2100E7197F /* Spin_Combine.h in Headers */,
			);
			runOnlyForDeploymentPostprocessing = 0;
		};
/* End PBXHeadersBuildPhase section */

/* Begin PBXNativeTarget section */
		1AF21E192308EE2100E7197F /* Spin.Combine */ = {
			isa = PBXNativeTarget;
			buildConfigurationList = 1AF21E2E2308EE2100E7197F /* Build configuration list for PBXNativeTarget "Spin.Combine" */;
			buildPhases = (
				1AF21E152308EE2100E7197F /* Headers */,
				1AF21E162308EE2100E7197F /* Sources */,
				1AF21E172308EE2100E7197F /* Frameworks */,
				1AF21E182308EE2100E7197F /* Resources */,
				1A685FDB230B297600E72E4B /* Embed Frameworks */,
			);
			buildRules = (
			);
			dependencies = (
			);
			name = Spin.Combine;
			productName = Spin.Combine;
			productReference = 1AF21E1A2308EE2100E7197F /* Spin_Combine.framework */;
			productType = "com.apple.product-type.framework";
		};
		1AF21E222308EE2100E7197F /* Spin.CombineTests */ = {
			isa = PBXNativeTarget;
			buildConfigurationList = 1AF21E312308EE2100E7197F /* Build configuration list for PBXNativeTarget "Spin.CombineTests" */;
			buildPhases = (
				1AF21E1F2308EE2100E7197F /* Sources */,
				1AF21E202308EE2100E7197F /* Frameworks */,
				1AF21E212308EE2100E7197F /* Resources */,
				1AC3BB4E230B82720019880E /* 📦 Copy Frameworks */,
			);
			buildRules = (
			);
			dependencies = (
				1AF21E262308EE2100E7197F /* PBXTargetDependency */,
			);
			name = Spin.CombineTests;
			productName = Spin.CombineTests;
			productReference = 1AF21E232308EE2100E7197F /* Spin.CombineTests.xctest */;
			productType = "com.apple.product-type.bundle.unit-test";
		};
/* End PBXNativeTarget section */

/* Begin PBXProject section */
		1AF21E112308EE2000E7197F /* Project object */ = {
			isa = PBXProject;
			attributes = {
				LastSwiftUpdateCheck = 1100;
				LastUpgradeCheck = 1100;
				ORGANIZATIONNAME = "Thibault Wittemberg";
				TargetAttributes = {
					1AF21E192308EE2100E7197F = {
						CreatedOnToolsVersion = 11.0;
						LastSwiftMigration = 1100;
					};
					1AF21E222308EE2100E7197F = {
						CreatedOnToolsVersion = 11.0;
					};
				};
			};
			buildConfigurationList = 1AF21E142308EE2000E7197F /* Build configuration list for PBXProject "Spin.Combine" */;
			compatibilityVersion = "Xcode 9.3";
			developmentRegion = en;
			hasScannedForEncodings = 0;
			knownRegions = (
				en,
				Base,
			);
			mainGroup = 1AF21E102308EE2000E7197F;
			productRefGroup = 1AF21E1B2308EE2100E7197F /* Products */;
			projectDirPath = "";
			projectRoot = "";
			targets = (
				1AF21E192308EE2100E7197F /* Spin.Combine */,
				1AF21E222308EE2100E7197F /* Spin.CombineTests */,
			);
		};
/* End PBXProject section */

/* Begin PBXResourcesBuildPhase section */
		1AF21E182308EE2100E7197F /* Resources */ = {
			isa = PBXResourcesBuildPhase;
			buildActionMask = 2147483647;
			files = (
			);
			runOnlyForDeploymentPostprocessing = 0;
		};
		1AF21E212308EE2100E7197F /* Resources */ = {
			isa = PBXResourcesBuildPhase;
			buildActionMask = 2147483647;
			files = (
			);
			runOnlyForDeploymentPostprocessing = 0;
		};
/* End PBXResourcesBuildPhase section */

/* Begin PBXSourcesBuildPhase section */
		1AF21E162308EE2100E7197F /* Sources */ = {
			isa = PBXSourcesBuildPhase;
			buildActionMask = 2147483647;
			files = (
				1A9366962308F0B1006B04D7 /* AnyPublisher+Spin.swift in Sources */,
			);
			runOnlyForDeploymentPostprocessing = 0;
		};
		1AF21E1F2308EE2100E7197F /* Sources */ = {
			isa = PBXSourcesBuildPhase;
			buildActionMask = 2147483647;
			files = (
				1AF21E292308EE2100E7197F /* Spin_CombineTests.swift in Sources */,
			);
			runOnlyForDeploymentPostprocessing = 0;
		};
/* End PBXSourcesBuildPhase section */

/* Begin PBXTargetDependency section */
		1AF21E262308EE2100E7197F /* PBXTargetDependency */ = {
			isa = PBXTargetDependency;
			target = 1AF21E192308EE2100E7197F /* Spin.Combine */;
			targetProxy = 1AF21E252308EE2100E7197F /* PBXContainerItemProxy */;
		};
/* End PBXTargetDependency section */

/* Begin XCBuildConfiguration section */
		1AF21E2C2308EE2100E7197F /* Debug */ = {
			isa = XCBuildConfiguration;
			buildSettings = {
				ALWAYS_SEARCH_USER_PATHS = NO;
				CLANG_ANALYZER_NONNULL = YES;
				CLANG_ANALYZER_NUMBER_OBJECT_CONVERSION = YES_AGGRESSIVE;
				CLANG_CXX_LANGUAGE_STANDARD = "gnu++14";
				CLANG_CXX_LIBRARY = "libc++";
				CLANG_ENABLE_MODULES = YES;
				CLANG_ENABLE_OBJC_ARC = YES;
				CLANG_ENABLE_OBJC_WEAK = YES;
				CLANG_WARN_BLOCK_CAPTURE_AUTORELEASING = YES;
				CLANG_WARN_BOOL_CONVERSION = YES;
				CLANG_WARN_COMMA = YES;
				CLANG_WARN_CONSTANT_CONVERSION = YES;
				CLANG_WARN_DEPRECATED_OBJC_IMPLEMENTATIONS = YES;
				CLANG_WARN_DIRECT_OBJC_ISA_USAGE = YES_ERROR;
				CLANG_WARN_DOCUMENTATION_COMMENTS = YES;
				CLANG_WARN_EMPTY_BODY = YES;
				CLANG_WARN_ENUM_CONVERSION = YES;
				CLANG_WARN_INFINITE_RECURSION = YES;
				CLANG_WARN_INT_CONVERSION = YES;
				CLANG_WARN_NON_LITERAL_NULL_CONVERSION = YES;
				CLANG_WARN_OBJC_IMPLICIT_RETAIN_SELF = YES;
				CLANG_WARN_OBJC_LITERAL_CONVERSION = YES;
				CLANG_WARN_OBJC_ROOT_CLASS = YES_ERROR;
				CLANG_WARN_RANGE_LOOP_ANALYSIS = YES;
				CLANG_WARN_STRICT_PROTOTYPES = YES;
				CLANG_WARN_SUSPICIOUS_MOVE = YES;
				CLANG_WARN_UNGUARDED_AVAILABILITY = YES_AGGRESSIVE;
				CLANG_WARN_UNREACHABLE_CODE = YES;
				CLANG_WARN__DUPLICATE_METHOD_MATCH = YES;
				COPY_PHASE_STRIP = NO;
				CURRENT_PROJECT_VERSION = 1;
				DEBUG_INFORMATION_FORMAT = dwarf;
				ENABLE_STRICT_OBJC_MSGSEND = YES;
				ENABLE_TESTABILITY = YES;
				GCC_C_LANGUAGE_STANDARD = gnu11;
				GCC_DYNAMIC_NO_PIC = NO;
				GCC_NO_COMMON_BLOCKS = YES;
				GCC_OPTIMIZATION_LEVEL = 0;
				GCC_PREPROCESSOR_DEFINITIONS = (
					"DEBUG=1",
					"$(inherited)",
				);
				GCC_WARN_64_TO_32_BIT_CONVERSION = YES;
				GCC_WARN_ABOUT_RETURN_TYPE = YES_ERROR;
				GCC_WARN_UNDECLARED_SELECTOR = YES;
				GCC_WARN_UNINITIALIZED_AUTOS = YES_AGGRESSIVE;
				GCC_WARN_UNUSED_FUNCTION = YES;
				GCC_WARN_UNUSED_VARIABLE = YES;
				IPHONEOS_DEPLOYMENT_TARGET = 13.0;
				MTL_ENABLE_DEBUG_INFO = INCLUDE_SOURCE;
				MTL_FAST_MATH = YES;
				ONLY_ACTIVE_ARCH = YES;
				SDKROOT = iphoneos;
				SWIFT_ACTIVE_COMPILATION_CONDITIONS = DEBUG;
				SWIFT_OPTIMIZATION_LEVEL = "-Onone";
				VERSIONING_SYSTEM = "apple-generic";
				VERSION_INFO_PREFIX = "";
			};
			name = Debug;
		};
		1AF21E2D2308EE2100E7197F /* Release */ = {
			isa = XCBuildConfiguration;
			buildSettings = {
				ALWAYS_SEARCH_USER_PATHS = NO;
				CLANG_ANALYZER_NONNULL = YES;
				CLANG_ANALYZER_NUMBER_OBJECT_CONVERSION = YES_AGGRESSIVE;
				CLANG_CXX_LANGUAGE_STANDARD = "gnu++14";
				CLANG_CXX_LIBRARY = "libc++";
				CLANG_ENABLE_MODULES = YES;
				CLANG_ENABLE_OBJC_ARC = YES;
				CLANG_ENABLE_OBJC_WEAK = YES;
				CLANG_WARN_BLOCK_CAPTURE_AUTORELEASING = YES;
				CLANG_WARN_BOOL_CONVERSION = YES;
				CLANG_WARN_COMMA = YES;
				CLANG_WARN_CONSTANT_CONVERSION = YES;
				CLANG_WARN_DEPRECATED_OBJC_IMPLEMENTATIONS = YES;
				CLANG_WARN_DIRECT_OBJC_ISA_USAGE = YES_ERROR;
				CLANG_WARN_DOCUMENTATION_COMMENTS = YES;
				CLANG_WARN_EMPTY_BODY = YES;
				CLANG_WARN_ENUM_CONVERSION = YES;
				CLANG_WARN_INFINITE_RECURSION = YES;
				CLANG_WARN_INT_CONVERSION = YES;
				CLANG_WARN_NON_LITERAL_NULL_CONVERSION = YES;
				CLANG_WARN_OBJC_IMPLICIT_RETAIN_SELF = YES;
				CLANG_WARN_OBJC_LITERAL_CONVERSION = YES;
				CLANG_WARN_OBJC_ROOT_CLASS = YES_ERROR;
				CLANG_WARN_RANGE_LOOP_ANALYSIS = YES;
				CLANG_WARN_STRICT_PROTOTYPES = YES;
				CLANG_WARN_SUSPICIOUS_MOVE = YES;
				CLANG_WARN_UNGUARDED_AVAILABILITY = YES_AGGRESSIVE;
				CLANG_WARN_UNREACHABLE_CODE = YES;
				CLANG_WARN__DUPLICATE_METHOD_MATCH = YES;
				COPY_PHASE_STRIP = NO;
				CURRENT_PROJECT_VERSION = 1;
				DEBUG_INFORMATION_FORMAT = "dwarf-with-dsym";
				ENABLE_NS_ASSERTIONS = NO;
				ENABLE_STRICT_OBJC_MSGSEND = YES;
				GCC_C_LANGUAGE_STANDARD = gnu11;
				GCC_NO_COMMON_BLOCKS = YES;
				GCC_WARN_64_TO_32_BIT_CONVERSION = YES;
				GCC_WARN_ABOUT_RETURN_TYPE = YES_ERROR;
				GCC_WARN_UNDECLARED_SELECTOR = YES;
				GCC_WARN_UNINITIALIZED_AUTOS = YES_AGGRESSIVE;
				GCC_WARN_UNUSED_FUNCTION = YES;
				GCC_WARN_UNUSED_VARIABLE = YES;
				IPHONEOS_DEPLOYMENT_TARGET = 13.0;
				MTL_ENABLE_DEBUG_INFO = NO;
				MTL_FAST_MATH = YES;
				SDKROOT = iphoneos;
				SWIFT_COMPILATION_MODE = wholemodule;
				SWIFT_OPTIMIZATION_LEVEL = "-O";
				VALIDATE_PRODUCT = YES;
				VERSIONING_SYSTEM = "apple-generic";
				VERSION_INFO_PREFIX = "";
			};
			name = Release;
		};
		1AF21E2F2308EE2100E7197F /* Debug */ = {
			isa = XCBuildConfiguration;
			buildSettings = {
				CLANG_ENABLE_MODULES = YES;
				CODE_SIGN_STYLE = Automatic;
				DEFINES_MODULE = YES;
				DEVELOPMENT_TEAM = 3V5265LQM9;
				DYLIB_COMPATIBILITY_VERSION = 1;
				DYLIB_CURRENT_VERSION = 1;
				DYLIB_INSTALL_NAME_BASE = "@rpath";
				FRAMEWORK_SEARCH_PATHS = (
					"$(inherited)",
					"$(PROJECT_DIR)/Carthage/Build/iOS",
				);
				INFOPLIST_FILE = Spin.Combine/Info.plist;
				INSTALL_PATH = "$(LOCAL_LIBRARY_DIR)/Frameworks";
				LD_RUNPATH_SEARCH_PATHS = (
					"$(inherited)",
					"@executable_path/Frameworks",
					"@loader_path/Frameworks",
				);
				MARKETING_VERSION = 0.1;
				PRODUCT_BUNDLE_IDENTIFIER = io.warpfactor.Spin.Combine;
				PRODUCT_NAME = "$(TARGET_NAME:c99extidentifier)";
				SKIP_INSTALL = YES;
				SWIFT_OPTIMIZATION_LEVEL = "-Onone";
				SWIFT_VERSION = 5.1;
				TARGETED_DEVICE_FAMILY = "1,2";
			};
			name = Debug;
		};
		1AF21E302308EE2100E7197F /* Release */ = {
			isa = XCBuildConfiguration;
			buildSettings = {
				CLANG_ENABLE_MODULES = YES;
				CODE_SIGN_STYLE = Automatic;
				DEFINES_MODULE = YES;
				DEVELOPMENT_TEAM = 3V5265LQM9;
				DYLIB_COMPATIBILITY_VERSION = 1;
				DYLIB_CURRENT_VERSION = 1;
				DYLIB_INSTALL_NAME_BASE = "@rpath";
				FRAMEWORK_SEARCH_PATHS = (
					"$(inherited)",
					"$(PROJECT_DIR)/Carthage/Build/iOS",
				);
				INFOPLIST_FILE = Spin.Combine/Info.plist;
				INSTALL_PATH = "$(LOCAL_LIBRARY_DIR)/Frameworks";
				LD_RUNPATH_SEARCH_PATHS = (
					"$(inherited)",
					"@executable_path/Frameworks",
					"@loader_path/Frameworks",
				);
				MARKETING_VERSION = 0.1;
				PRODUCT_BUNDLE_IDENTIFIER = io.warpfactor.Spin.Combine;
				PRODUCT_NAME = "$(TARGET_NAME:c99extidentifier)";
				SKIP_INSTALL = YES;
				SWIFT_VERSION = 5.1;
				TARGETED_DEVICE_FAMILY = "1,2";
			};
			name = Release;
		};
		1AF21E322308EE2100E7197F /* Debug */ = {
			isa = XCBuildConfiguration;
			buildSettings = {
				ALWAYS_EMBED_SWIFT_STANDARD_LIBRARIES = YES;
				CODE_SIGN_STYLE = Automatic;
				DEVELOPMENT_TEAM = 3V5265LQM9;
				INFOPLIST_FILE = Spin.CombineTests/Info.plist;
				LD_RUNPATH_SEARCH_PATHS = (
					"$(inherited)",
					"@executable_path/Frameworks",
					"@loader_path/Frameworks",
				);
				PRODUCT_BUNDLE_IDENTIFIER = io.warpfactor.Spin.CombineTests;
				PRODUCT_NAME = "$(TARGET_NAME)";
				SWIFT_VERSION = 5.0;
				TARGETED_DEVICE_FAMILY = "1,2";
			};
			name = Debug;
		};
		1AF21E332308EE2100E7197F /* Release */ = {
			isa = XCBuildConfiguration;
			buildSettings = {
				ALWAYS_EMBED_SWIFT_STANDARD_LIBRARIES = YES;
				CODE_SIGN_STYLE = Automatic;
				DEVELOPMENT_TEAM = 3V5265LQM9;
				INFOPLIST_FILE = Spin.CombineTests/Info.plist;
				LD_RUNPATH_SEARCH_PATHS = (
					"$(inherited)",
					"@executable_path/Frameworks",
					"@loader_path/Frameworks",
				);
				PRODUCT_BUNDLE_IDENTIFIER = io.warpfactor.Spin.CombineTests;
				PRODUCT_NAME = "$(TARGET_NAME)";
				SWIFT_VERSION = 5.0;
				TARGETED_DEVICE_FAMILY = "1,2";
			};
			name = Release;
		};
/* End XCBuildConfiguration section */

/* Begin XCConfigurationList section */
		1AF21E142308EE2000E7197F /* Build configuration list for PBXProject "Spin.Combine" */ = {
			isa = XCConfigurationList;
			buildConfigurations = (
				1AF21E2C2308EE2100E7197F /* Debug */,
				1AF21E2D2308EE2100E7197F /* Release */,
			);
			defaultConfigurationIsVisible = 0;
			defaultConfigurationName = Release;
		};
		1AF21E2E2308EE2100E7197F /* Build configuration list for PBXNativeTarget "Spin.Combine" */ = {
			isa = XCConfigurationList;
			buildConfigurations = (
				1AF21E2F2308EE2100E7197F /* Debug */,
				1AF21E302308EE2100E7197F /* Release */,
			);
			defaultConfigurationIsVisible = 0;
			defaultConfigurationName = Release;
		};
		1AF21E312308EE2100E7197F /* Build configuration list for PBXNativeTarget "Spin.CombineTests" */ = {
			isa = XCConfigurationList;
			buildConfigurations = (
				1AF21E322308EE2100E7197F /* Debug */,
				1AF21E332308EE2100E7197F /* Release */,
			);
			defaultConfigurationIsVisible = 0;
			defaultConfigurationName = Release;
		};
/* End XCConfigurationList section */
	};
	rootObject = 1AF21E112308EE2000E7197F /* Project object */;
}
